
Microsoft Visual Studio Solution File, Format Version 12.00
# Visual Studio Version 16
VisualStudioVersion = 16.0.29418.71
MinimumVisualStudioVersion = 10.0.40219.1
Project("{FAE04EC0-301F-11D3-BF4B-00C04F79EFBC}") = "N3_SearchStuff", "N3_SearchStuff\N3_SearchStuff.csproj", "{9EA533EB-D44D-442F-9DE8-C84119FA7E31}"
EndProject
Project("{FAE04EC0-301F-11D3-BF4B-00C04F79EFBC}") = "N9_ManageOrder", "N9_ManageOrder\N9_ManageOrder.csproj", "{6B1E9BBA-F5F2-4EC9-8439-88F2F17D85CF}"
EndProject
Project("{FAE04EC0-301F-11D3-BF4B-00C04F79EFBC}") = "N5_WatchMenu", "N5_WatchMenu\N5_WatchMenu.csproj", "{B2B942EE-56A4-4CF7-9099-307C124DDFEA}"
EndProject
Global
	GlobalSection(SolutionConfigurationPlatforms) = preSolution
		Debug|Any CPU = Debug|Any CPU
		Release|Any CPU = Release|Any CPU
	EndGlobalSection
	GlobalSection(ProjectConfigurationPlatforms) = postSolution
		{9EA533EB-D44D-442F-9DE8-C84119FA7E31}.Debug|Any CPU.ActiveCfg = Debug|Any CPU
		{9EA533EB-D44D-442F-9DE8-C84119FA7E31}.Debug|Any CPU.Build.0 = Debug|Any CPU
		{9EA533EB-D44D-442F-9DE8-C84119FA7E31}.Release|Any CPU.ActiveCfg = Release|Any CPU
		{9EA533EB-D44D-442F-9DE8-C84119FA7E31}.Release|Any CPU.Build.0 = Release|Any CPU
		{6B1E9BBA-F5F2-4EC9-8439-88F2F17D85CF}.Debug|Any CPU.ActiveCfg = Debug|Any CPU
		{6B1E9BBA-F5F2-4EC9-8439-88F2F17D85CF}.Debug|Any CPU.Build.0 = Debug|Any CPU
		{6B1E9BBA-F5F2-4EC9-8439-88F2F17D85CF}.Release|Any CPU.ActiveCfg = Release|Any CPU
		{6B1E9BBA-F5F2-4EC9-8439-88F2F17D85CF}.Release|Any CPU.Build.0 = Release|Any CPU
		{B2B942EE-56A4-4CF7-9099-307C124DDFEA}.Debug|Any CPU.ActiveCfg = Debug|Any CPU
		{B2B942EE-56A4-4CF7-9099-307C124DDFEA}.Debug|Any CPU.Build.0 = Debug|Any CPU
		{B2B942EE-56A4-4CF7-9099-307C124DDFEA}.Release|Any CPU.ActiveCfg = Release|Any CPU
		{B2B942EE-56A4-4CF7-9099-307C124DDFEA}.Release|Any CPU.Build.0 = Release|Any CPU
	EndGlobalSection
	GlobalSection(SolutionProperties) = preSolution
		HideSolutionNode = FALSE
	EndGlobalSection
	GlobalSection(ExtensibilityGlobals) = postSolution
		SolutionGuid = {EAF3AFBF-B435-4F74-9992-6C808C90EDFD}
	EndGlobalSection
EndGlobal
